
Microsoft Visual Studio Solution File, Format Version 12.00
# Visual Studio Version 17
VisualStudioVersion = 17.3.32901.215
MinimumVisualStudioVersion = 10.0.40219.1
Project("{9A19103F-16F7-4668-BE54-9A1E7A4F7556}") = "EnterpriseSystem", "EnterpriseSystem\EnterpriseSystem.csproj", "{1BB349DE-AA4E-46F1-B8CF-EE82D40B1D52}"
EndProject
Project("{FAE04EC0-301F-11D3-BF4B-00C04F79EFBC}") = "EnterpriseSystem.Tests", "EnterpriseSystem.Tests\EnterpriseSystem.Tests.csproj", "{A041D8E3-10C4-4033-9551-6B24A8337426}"
EndProject
Global
	GlobalSection(SolutionConfigurationPlatforms) = preSolution
		Debug|Any CPU = Debug|Any CPU
		Release|Any CPU = Release|Any CPU
	EndGlobalSection
	GlobalSection(ProjectConfigurationPlatforms) = postSolution
		{1BB349DE-AA4E-46F1-B8CF-EE82D40B1D52}.Debug|Any CPU.ActiveCfg = Debug|Any CPU
		{1BB349DE-AA4E-46F1-B8CF-EE82D40B1D52}.Debug|Any CPU.Build.0 = Debug|Any CPU
		{1BB349DE-AA4E-46F1-B8CF-EE82D40B1D52}.Release|Any CPU.ActiveCfg = Release|Any CPU
		{1BB349DE-AA4E-46F1-B8CF-EE82D40B1D52}.Release|Any CPU.Build.0 = Release|Any CPU
		{A041D8E3-10C4-4033-9551-6B24A8337426}.Debug|Any CPU.ActiveCfg = Debug|Any CPU
		{A041D8E3-10C4-4033-9551-6B24A8337426}.Debug|Any CPU.Build.0 = Debug|Any CPU
		{A041D8E3-10C4-4033-9551-6B24A8337426}.Release|Any CPU.ActiveCfg = Release|Any CPU
		{A041D8E3-10C4-4033-9551-6B24A8337426}.Release|Any CPU.Build.0 = Release|Any CPU
	EndGlobalSection
	GlobalSection(SolutionProperties) = preSolution
		HideSolutionNode = FALSE
	EndGlobalSection
	GlobalSection(ExtensibilityGlobals) = postSolution
		SolutionGuid = {E9FD3776-876D-4D72-8903-42D5EBD4C27B}
	EndGlobalSection
EndGlobal
